
Microsoft Visual Studio Solution File, Format Version 12.00
# Visual Studio Version 17
VisualStudioVersion = 17.4.33110.190
MinimumVisualStudioVersion = 10.0.40219.1
Project("{9A19103F-16F7-4668-BE54-9A1E7A4F7556}") = "Billing", "Billing\Billing.csproj", "{3329B0D9-0261-4746-8311-F24452A4E6A6}"
EndProject
Project("{FAE04EC0-301F-11D3-BF4B-00C04F79EFBC}") = "Billing.Test", "Billing.Test\Billing.Test.csproj", "{221B8252-C12C-4201-B0BC-D379AA4A559B}"
EndProject
Global
	GlobalSection(SolutionConfigurationPlatforms) = preSolution
		Debug|Any CPU = Debug|Any CPU
		Release|Any CPU = Release|Any CPU
	EndGlobalSection
	GlobalSection(ProjectConfigurationPlatforms) = postSolution
		{3329B0D9-0261-4746-8311-F24452A4E6A6}.Debug|Any CPU.ActiveCfg = Debug|Any CPU
		{3329B0D9-0261-4746-8311-F24452A4E6A6}.Debug|Any CPU.Build.0 = Debug|Any CPU
		{3329B0D9-0261-4746-8311-F24452A4E6A6}.Release|Any CPU.ActiveCfg = Release|Any CPU
		{3329B0D9-0261-4746-8311-F24452A4E6A6}.Release|Any CPU.Build.0 = Release|Any CPU
		{221B8252-C12C-4201-B0BC-D379AA4A559B}.Debug|Any CPU.ActiveCfg = Debug|Any CPU
		{221B8252-C12C-4201-B0BC-D379AA4A559B}.Debug|Any CPU.Build.0 = Debug|Any CPU
		{221B8252-C12C-4201-B0BC-D379AA4A559B}.Release|Any CPU.ActiveCfg = Release|Any CPU
		{221B8252-C12C-4201-B0BC-D379AA4A559B}.Release|Any CPU.Build.0 = Release|Any CPU
	EndGlobalSection
	GlobalSection(SolutionProperties) = preSolution
		HideSolutionNode = FALSE
	EndGlobalSection
	GlobalSection(ExtensibilityGlobals) = postSolution
		SolutionGuid = {81088D4E-D012-49D4-90AF-A133FEAA1178}
	EndGlobalSection
EndGlobal
